
Microsoft Visual Studio Solution File, Format Version 12.00
# Visual Studio Version 16
VisualStudioVersion = 16.0.31613.86
MinimumVisualStudioVersion = 10.0.40219.1
Project("{9A19103F-16F7-4668-BE54-9A1E7A4F7556}") = "AviationCalcUtilNet", "AviationCalcUtilNet.csproj", "{19A5D9A6-2064-4B50-8EAF-CD50DCC966CF}"
EndProject
Project("{9A19103F-16F7-4668-BE54-9A1E7A4F7556}") = "AviationCalcUtilNetTests", "AviationCalcUtilNetTests\AviationCalcUtilNetTests.csproj", "{3193D910-BD7B-41B6-8A41-9C46CCC6B1ED}"
EndProject
Global
	GlobalSection(SolutionConfigurationPlatforms) = preSolution
		Debug|x64 = Debug|x64
		Debug|x86 = Debug|x86
		Release|x64 = Release|x64
		Release|x86 = Release|x86
	EndGlobalSection
	GlobalSection(ProjectConfigurationPlatforms) = postSolution
		{19A5D9A6-2064-4B50-8EAF-CD50DCC966CF}.Debug|x64.ActiveCfg = Debug|x64
		{19A5D9A6-2064-4B50-8EAF-CD50DCC966CF}.Debug|x64.Build.0 = Debug|x64
		{19A5D9A6-2064-4B50-8EAF-CD50DCC966CF}.Debug|x86.ActiveCfg = Debug|x86
		{19A5D9A6-2064-4B50-8EAF-CD50DCC966CF}.Debug|x86.Build.0 = Debug|x86
		{19A5D9A6-2064-4B50-8EAF-CD50DCC966CF}.Release|x64.ActiveCfg = Release|x64
		{19A5D9A6-2064-4B50-8EAF-CD50DCC966CF}.Release|x64.Build.0 = Release|x64
		{19A5D9A6-2064-4B50-8EAF-CD50DCC966CF}.Release|x86.ActiveCfg = Release|x86
		{19A5D9A6-2064-4B50-8EAF-CD50DCC966CF}.Release|x86.Build.0 = Release|x86
		{3193D910-BD7B-41B6-8A41-9C46CCC6B1ED}.Debug|x64.ActiveCfg = Debug|x64
		{3193D910-BD7B-41B6-8A41-9C46CCC6B1ED}.Debug|x64.Build.0 = Debug|x64
		{3193D910-BD7B-41B6-8A41-9C46CCC6B1ED}.Debug|x86.ActiveCfg = Debug|x86
		{3193D910-BD7B-41B6-8A41-9C46CCC6B1ED}.Debug|x86.Build.0 = Debug|x86
		{3193D910-BD7B-41B6-8A41-9C46CCC6B1ED}.Release|x64.ActiveCfg = Release|x64
		{3193D910-BD7B-41B6-8A41-9C46CCC6B1ED}.Release|x64.Build.0 = Release|x64
		{3193D910-BD7B-41B6-8A41-9C46CCC6B1ED}.Release|x86.ActiveCfg = Release|x86
		{3193D910-BD7B-41B6-8A41-9C46CCC6B1ED}.Release|x86.Build.0 = Release|x86
	EndGlobalSection
	GlobalSection(SolutionProperties) = preSolution
		HideSolutionNode = FALSE
	EndGlobalSection
	GlobalSection(ExtensibilityGlobals) = postSolution
		SolutionGuid = {5AF7924F-FAE3-4327-B58B-E035756C1714}
	EndGlobalSection
EndGlobal
